
Microsoft Visual Studio Solution File, Format Version 12.00
# Visual Studio Version 16
VisualStudioVersion = 16.0.29306.81
MinimumVisualStudioVersion = 10.0.40219.1
Project("{FAE04EC0-301F-11D3-BF4B-00C04F79EFBC}") = "Store.Application", "Store.Application\Store.Application.csproj", "{D1514E79-FEEC-4998-9807-97F121C33ADE}"
EndProject
Global
	GlobalSection(SolutionConfigurationPlatforms) = preSolution
		Debug|Any CPU = Debug|Any CPU
		Release|Any CPU = Release|Any CPU
	EndGlobalSection
	GlobalSection(ProjectConfigurationPlatforms) = postSolution
		{D1514E79-FEEC-4998-9807-97F121C33ADE}.Debug|Any CPU.ActiveCfg = Debug|Any CPU
		{D1514E79-FEEC-4998-9807-97F121C33ADE}.Debug|Any CPU.Build.0 = Debug|Any CPU
		{D1514E79-FEEC-4998-9807-97F121C33ADE}.Release|Any CPU.ActiveCfg = Release|Any CPU
		{D1514E79-FEEC-4998-9807-97F121C33ADE}.Release|Any CPU.Build.0 = Release|Any CPU
	EndGlobalSection
	GlobalSection(SolutionProperties) = preSolution
		HideSolutionNode = FALSE
	EndGlobalSection
	GlobalSection(ExtensibilityGlobals) = postSolution
		SolutionGuid = {10355CA1-8FB8-47AB-9309-8CF897808547}
	EndGlobalSection
EndGlobal
